
Microsoft Visual Studio Solution File, Format Version 12.00
# Visual Studio Version 16
VisualStudioVersion = 16.0.32413.511
MinimumVisualStudioVersion = 10.0.40219.1
Project("{FAE04EC0-301F-11D3-BF4B-00C04F79EFBC}") = "Prueba02", "Prueba02\Prueba02.csproj", "{3421EF3E-4AD9-44FA-A5C1-4291627C4BC3}"
EndProject
Project("{FAE04EC0-301F-11D3-BF4B-00C04F79EFBC}") = "PruebaSQL", "PruebaSQL\PruebaSQL.csproj", "{18F320C8-4E3A-42CF-8A97-243906F943C9}"
EndProject
Project("{FAE04EC0-301F-11D3-BF4B-00C04F79EFBC}") = "Arreglos", "Arreglos\Arreglos.csproj", "{9742E9F3-5314-4893-9F9A-1B2EC9118A60}"
EndProject
Global
	GlobalSection(SolutionConfigurationPlatforms) = preSolution
		Debug|Any CPU = Debug|Any CPU
		Release|Any CPU = Release|Any CPU
	EndGlobalSection
	GlobalSection(ProjectConfigurationPlatforms) = postSolution
		{3421EF3E-4AD9-44FA-A5C1-4291627C4BC3}.Debug|Any CPU.ActiveCfg = Debug|Any CPU
		{3421EF3E-4AD9-44FA-A5C1-4291627C4BC3}.Debug|Any CPU.Build.0 = Debug|Any CPU
		{3421EF3E-4AD9-44FA-A5C1-4291627C4BC3}.Release|Any CPU.ActiveCfg = Release|Any CPU
		{3421EF3E-4AD9-44FA-A5C1-4291627C4BC3}.Release|Any CPU.Build.0 = Release|Any CPU
		{18F320C8-4E3A-42CF-8A97-243906F943C9}.Debug|Any CPU.ActiveCfg = Debug|Any CPU
		{18F320C8-4E3A-42CF-8A97-243906F943C9}.Debug|Any CPU.Build.0 = Debug|Any CPU
		{18F320C8-4E3A-42CF-8A97-243906F943C9}.Release|Any CPU.ActiveCfg = Release|Any CPU
		{18F320C8-4E3A-42CF-8A97-243906F943C9}.Release|Any CPU.Build.0 = Release|Any CPU
		{9742E9F3-5314-4893-9F9A-1B2EC9118A60}.Debug|Any CPU.ActiveCfg = Debug|Any CPU
		{9742E9F3-5314-4893-9F9A-1B2EC9118A60}.Debug|Any CPU.Build.0 = Debug|Any CPU
		{9742E9F3-5314-4893-9F9A-1B2EC9118A60}.Release|Any CPU.ActiveCfg = Release|Any CPU
		{9742E9F3-5314-4893-9F9A-1B2EC9118A60}.Release|Any CPU.Build.0 = Release|Any CPU
	EndGlobalSection
	GlobalSection(SolutionProperties) = preSolution
		HideSolutionNode = FALSE
	EndGlobalSection
	GlobalSection(ExtensibilityGlobals) = postSolution
		SolutionGuid = {FC7E83AC-B9DF-4E39-9762-E4FC5CE081AA}
	EndGlobalSection
EndGlobal
